// !$*UTF8*$!
{
	archiveVersion = 1;
	classes = {
	};
	objectVersion = 56;
	objects = {

/* Begin PBXBuildFile section */
		7F19689328E0E008002AA2AB /* SwipeCellKit in Frameworks */ = {isa = PBXBuildFile; productRef = 7F19689228E0E008002AA2AB /* SwipeCellKit */; };
		7FD1190E28D93D4B00940A2C /* AppDelegate.swift in Sources */ = {isa = PBXBuildFile; fileRef = 7FD1190D28D93D4B00940A2C /* AppDelegate.swift */; };
		7FD1191028D93D4B00940A2C /* SceneDelegate.swift in Sources */ = {isa = PBXBuildFile; fileRef = 7FD1190F28D93D4B00940A2C /* SceneDelegate.swift */; };
		7FD1191228D93D4B00940A2C /* ViewController.swift in Sources */ = {isa = PBXBuildFile; fileRef = 7FD1191128D93D4B00940A2C /* ViewController.swift */; };
		7FD1191528D93D4B00940A2C /* Main.storyboard in Resources */ = {isa = PBXBuildFile; fileRef = 7FD1191328D93D4B00940A2C /* Main.storyboard */; };
		7FD1191828D93D4B00940A2C /* SedgwickSwamplands.xcdatamodeld in Sources */ = {isa = PBXBuildFile; fileRef = 7FD1191628D93D4B00940A2C /* SedgwickSwamplands.xcdatamodeld */; };
		7FD1191A28D93D4C00940A2C /* Assets.xcassets in Resources */ = {isa = PBXBuildFile; fileRef = 7FD1191928D93D4C00940A2C /* Assets.xcassets */; };
		7FD1191D28D93D4C00940A2C /* LaunchScreen.storyboard in Resources */ = {isa = PBXBuildFile; fileRef = 7FD1191B28D93D4C00940A2C /* LaunchScreen.storyboard */; };
		7FD1192D28DA827C00940A2C /* DataNeeded.swift in Sources */ = {isa = PBXBuildFile; fileRef = 7FD1192C28DA827C00940A2C /* DataNeeded.swift */; };
/* End PBXBuildFile section */

/* Begin PBXFileReference section */
		7FD1190A28D93D4B00940A2C /* SedgwickSwamplands.app */ = {isa = PBXFileReference; explicitFileType = wrapper.application; includeInIndex = 0; path = SedgwickSwamplands.app; sourceTree = BUILT_PRODUCTS_DIR; };
		7FD1190D28D93D4B00940A2C /* AppDelegate.swift */ = {isa = PBXFileReference; lastKnownFileType = sourcecode.swift; path = AppDelegate.swift; sourceTree = "<group>"; };
		7FD1190F28D93D4B00940A2C /* SceneDelegate.swift */ = {isa = PBXFileReference; lastKnownFileType = sourcecode.swift; path = SceneDelegate.swift; sourceTree = "<group>"; };
		7FD1191128D93D4B00940A2C /* ViewController.swift */ = {isa = PBXFileReference; lastKnownFileType = sourcecode.swift; path = ViewController.swift; sourceTree = "<group>"; };
		7FD1191428D93D4B00940A2C /* Base */ = {isa = PBXFileReference; lastKnownFileType = file.storyboard; name = Base; path = Base.lproj/Main.storyboard; sourceTree = "<group>"; };
		7FD1191728D93D4B00940A2C /* SedgwickSwamplands.xcdatamodel */ = {isa = PBXFileReference; lastKnownFileType = wrapper.xcdatamodel; path = SedgwickSwamplands.xcdatamodel; sourceTree = "<group>"; };
		7FD1191928D93D4C00940A2C /* Assets.xcassets */ = {isa = PBXFileReference; lastKnownFileType = folder.assetcatalog; path = Assets.xcassets; sourceTree = "<group>"; };
		7FD1191C28D93D4C00940A2C /* Base */ = {isa = PBXFileReference; lastKnownFileType = file.storyboard; name = Base; path = Base.lproj/LaunchScreen.storyboard; sourceTree = "<group>"; };
		7FD1191E28D93D4C00940A2C /* Info.plist */ = {isa = PBXFileReference; lastKnownFileType = text.plist.xml; path = Info.plist; sourceTree = "<group>"; };
		7FD1192C28DA827C00940A2C /* DataNeeded.swift */ = {isa = PBXFileReference; lastKnownFileType = sourcecode.swift; path = DataNeeded.swift; sourceTree = "<group>"; };
/* End PBXFileReference section */

/* Begin PBXFrameworksBuildPhase section */
		7FD1190728D93D4B00940A2C /* Frameworks */ = {
			isa = PBXFrameworksBuildPhase;
			buildActionMask = 2147483647;
			files = (
				7F19689328E0E008002AA2AB /* SwipeCellKit in Frameworks */,
			);
			runOnlyForDeploymentPostprocessing = 0;
		};
/* End PBXFrameworksBuildPhase section */

/* Begin PBXGroup section */
		7FD1190128D93D4B00940A2C = {
			isa = PBXGroup;
			children = (
				7FD1190C28D93D4B00940A2C /* SedgwickSwamplands */,
				7FD1190B28D93D4B00940A2C /* Products */,
			);
			sourceTree = "<group>";
		};
		7FD1190B28D93D4B00940A2C /* Products */ = {
			isa = PBXGroup;
			children = (
				7FD1190A28D93D4B00940A2C /* SedgwickSwamplands.app */,
			);
			name = Products;
			sourceTree = "<group>";
		};
		7FD1190C28D93D4B00940A2C /* SedgwickSwamplands */ = {
			isa = PBXGroup;
			children = (
				7FD1190D28D93D4B00940A2C /* AppDelegate.swift */,
				7FD1190F28D93D4B00940A2C /* SceneDelegate.swift */,
				7FD1192428D949DE00940A2C /* Model */,
				7FD1192628D949EC00940A2C /* Controllers */,
				7FD1192528D949E600940A2C /* View */,
				7FD1191928D93D4C00940A2C /* Assets.xcassets */,
				7FD1191B28D93D4C00940A2C /* LaunchScreen.storyboard */,
				7FD1191E28D93D4C00940A2C /* Info.plist */,
				7FD1191628D93D4B00940A2C /* SedgwickSwamplands.xcdatamodeld */,
			);
			path = SedgwickSwamplands;
			sourceTree = "<group>";
		};
		7FD1192428D949DE00940A2C /* Model */ = {
			isa = PBXGroup;
			children = (
				7FD1192C28DA827C00940A2C /* DataNeeded.swift */,
			);
			path = Model;
			sourceTree = "<group>";
		};
		7FD1192528D949E600940A2C /* View */ = {
			isa = PBXGroup;
			children = (
				7FD1191328D93D4B00940A2C /* Main.storyboard */,
			);
			path = View;
			sourceTree = "<group>";
		};
		7FD1192628D949EC00940A2C /* Controllers */ = {
			isa = PBXGroup;
			children = (
				7FD1191128D93D4B00940A2C /* ViewController.swift */,
			);
			path = Controllers;
			sourceTree = "<group>";
		};
/* End PBXGroup section */

/* Begin PBXNativeTarget section */
		7FD1190928D93D4B00940A2C /* SedgwickSwamplands */ = {
			isa = PBXNativeTarget;
			buildConfigurationList = 7FD1192128D93D4C00940A2C /* Build configuration list for PBXNativeTarget "SedgwickSwamplands" */;
			buildPhases = (
				7FD1190628D93D4B00940A2C /* Sources */,
				7FD1190728D93D4B00940A2C /* Frameworks */,
				7FD1190828D93D4B00940A2C /* Resources */,
			);
			buildRules = (
			);
			dependencies = (
			);
			name = SedgwickSwamplands;
			packageProductDependencies = (
				7F19689228E0E008002AA2AB /* SwipeCellKit */,
			);
			productName = SedgwickSwamplands;
			productReference = 7FD1190A28D93D4B00940A2C /* SedgwickSwamplands.app */;
			productType = "com.apple.product-type.application";
		};
/* End PBXNativeTarget section */

/* Begin PBXProject section */
		7FD1190228D93D4B00940A2C /* Project object */ = {
			isa = PBXProject;
			attributes = {
				BuildIndependentTargetsInParallel = 1;
				LastSwiftUpdateCheck = 1400;
				LastUpgradeCheck = 1400;
				TargetAttributes = {
					7FD1190928D93D4B00940A2C = {
						CreatedOnToolsVersion = 14.0;
					};
				};
			};
			buildConfigurationList = 7FD1190528D93D4B00940A2C /* Build configuration list for PBXProject "SedgwickSwamplands" */;
			compatibilityVersion = "Xcode 14.0";
			developmentRegion = en;
			hasScannedForEncodings = 0;
			knownRegions = (
				en,
				Base,
			);
			mainGroup = 7FD1190128D93D4B00940A2C;
			packageReferences = (
				7F19689128E0E008002AA2AB /* XCRemoteSwiftPackageReference "SwipeCellKit" */,
			);
			productRefGroup = 7FD1190B28D93D4B00940A2C /* Products */;
			projectDirPath = "";
			projectRoot = "";
			targets = (
				7FD1190928D93D4B00940A2C /* SedgwickSwamplands */,
			);
		};
/* End PBXProject section */

/* Begin PBXResourcesBuildPhase section */
		7FD1190828D93D4B00940A2C /* Resources */ = {
			isa = PBXResourcesBuildPhase;
			buildActionMask = 2147483647;
			files = (
				7FD1191D28D93D4C00940A2C /* LaunchScreen.storyboard in Resources */,
				7FD1191A28D93D4C00940A2C /* Assets.xcassets in Resources */,
				7FD1191528D93D4B00940A2C /* Main.storyboard in Resources */,
			);
			runOnlyForDeploymentPostprocessing = 0;
		};
/* End PBXResourcesBuildPhase section */

/* Begin PBXSourcesBuildPhase section */
		7FD1190628D93D4B00940A2C /* Sources */ = {
			isa = PBXSourcesBuildPhase;
			buildActionMask = 2147483647;
			files = (
				7FD1191228D93D4B00940A2C /* ViewController.swift in Sources */,
				7FD1190E28D93D4B00940A2C /* AppDelegate.swift in Sources */,
				7FD1192D28DA827C00940A2C /* DataNeeded.swift in Sources */,
				7FD1191828D93D4B00940A2C /* SedgwickSwamplands.xcdatamodeld in Sources */,
				7FD1191028D93D4B00940A2C /* SceneDelegate.swift in Sources */,
			);
			runOnlyForDeploymentPostprocessing = 0;
		};
/* End PBXSourcesBuildPhase section */

/* Begin PBXVariantGroup section */
		7FD1191328D93D4B00940A2C /* Main.storyboard */ = {
			isa = PBXVariantGroup;
			children = (
				7FD1191428D93D4B00940A2C /* Base */,
			);
			name = Main.storyboard;
			sourceTree = "<group>";
		};
		7FD1191B28D93D4C00940A2C /* LaunchScreen.storyboard */ = {
			isa = PBXVariantGroup;
			children = (
				7FD1191C28D93D4C00940A2C /* Base */,
			);
			name = LaunchScreen.storyboard;
			sourceTree = "<group>";
		};
/* End PBXVariantGroup section */

/* Begin XCBuildConfiguration section */
		7FD1191F28D93D4C00940A2C /* Debug */ = {
			isa = XCBuildConfiguration;
			buildSettings = {
				ALWAYS_SEARCH_USER_PATHS = NO;
				CLANG_ANALYZER_NONNULL = YES;
				CLANG_ANALYZER_NUMBER_OBJECT_CONVERSION = YES_AGGRESSIVE;
				CLANG_CXX_LANGUAGE_STANDARD = "gnu++20";
				CLANG_ENABLE_MODULES = YES;
				CLANG_ENABLE_OBJC_ARC = YES;
				CLANG_ENABLE_OBJC_WEAK = YES;
				CLANG_WARN_BLOCK_CAPTURE_AUTORELEASING = YES;
				CLANG_WARN_BOOL_CONVERSION = YES;
				CLANG_WARN_COMMA = YES;
				CLANG_WARN_CONSTANT_CONVERSION = YES;
				CLANG_WARN_DEPRECATED_OBJC_IMPLEMENTATIONS = YES;
				CLANG_WARN_DIRECT_OBJC_ISA_USAGE = YES_ERROR;
				CLANG_WARN_DOCUMENTATION_COMMENTS = YES;
				CLANG_WARN_EMPTY_BODY = YES;
				CLANG_WARN_ENUM_CONVERSION = YES;
				CLANG_WARN_INFINITE_RECURSION = YES;
				CLANG_WARN_INT_CONVERSION = YES;
				CLANG_WARN_NON_LITERAL_NULL_CONVERSION = YES;
				CLANG_WARN_OBJC_IMPLICIT_RETAIN_SELF = YES;
				CLANG_WARN_OBJC_LITERAL_CONVERSION = YES;
				CLANG_WARN_OBJC_ROOT_CLASS = YES_ERROR;
				CLANG_WARN_QUOTED_INCLUDE_IN_FRAMEWORK_HEADER = YES;
				CLANG_WARN_RANGE_LOOP_ANALYSIS = YES;
				CLANG_WARN_STRICT_PROTOTYPES = YES;
				CLANG_WARN_SUSPICIOUS_MOVE = YES;
				CLANG_WARN_UNGUARDED_AVAILABILITY = YES_AGGRESSIVE;
				CLANG_WARN_UNREACHABLE_CODE = YES;
				CLANG_WARN__DUPLICATE_METHOD_MATCH = YES;
				COPY_PHASE_STRIP = NO;
				DEBUG_INFORMATION_FORMAT = dwarf;
				ENABLE_STRICT_OBJC_MSGSEND = YES;
				ENABLE_TESTABILITY = YES;
				GCC_C_LANGUAGE_STANDARD = gnu11;
				GCC_DYNAMIC_NO_PIC = NO;
				GCC_NO_COMMON_BLOCKS = YES;
				GCC_OPTIMIZATION_LEVEL = 0;
				GCC_PREPROCESSOR_DEFINITIONS = (
					"DEBUG=1",
					"$(inherited)",
				);
				GCC_WARN_64_TO_32_BIT_CONVERSION = YES;
				GCC_WARN_ABOUT_RETURN_TYPE = YES_ERROR;
				GCC_WARN_UNDECLARED_SELECTOR = YES;
				GCC_WARN_UNINITIALIZED_AUTOS = YES_AGGRESSIVE;
				GCC_WARN_UNUSED_FUNCTION = YES;
				GCC_WARN_UNUSED_VARIABLE = YES;
				IPHONEOS_DEPLOYMENT_TARGET = 16.0;
				MTL_ENABLE_DEBUG_INFO = INCLUDE_SOURCE;
				MTL_FAST_MATH = YES;
				ONLY_ACTIVE_ARCH = YES;
				SDKROOT = iphoneos;
				SWIFT_ACTIVE_COMPILATION_CONDITIONS = DEBUG;
				SWIFT_OPTIMIZATION_LEVEL = "-Onone";
			};
			name = Debug;
		};
		7FD1192028D93D4C00940A2C /* Release */ = {
			isa = XCBuildConfiguration;
			buildSettings = {
				ALWAYS_SEARCH_USER_PATHS = NO;
				CLANG_ANALYZER_NONNULL = YES;
				CLANG_ANALYZER_NUMBER_OBJECT_CONVERSION = YES_AGGRESSIVE;
				CLANG_CXX_LANGUAGE_STANDARD = "gnu++20";
				CLANG_ENABLE_MODULES = YES;
				CLANG_ENABLE_OBJC_ARC = YES;
				CLANG_ENABLE_OBJC_WEAK = YES;
				CLANG_WARN_BLOCK_CAPTURE_AUTORELEASING = YES;
				CLANG_WARN_BOOL_CONVERSION = YES;
				CLANG_WARN_COMMA = YES;
				CLANG_WARN_CONSTANT_CONVERSION = YES;
				CLANG_WARN_DEPRECATED_OBJC_IMPLEMENTATIONS = YES;
				CLANG_WARN_DIRECT_OBJC_ISA_USAGE = YES_ERROR;
				CLANG_WARN_DOCUMENTATION_COMMENTS = YES;
				CLANG_WARN_EMPTY_BODY = YES;
				CLANG_WARN_ENUM_CONVERSION = YES;
				CLANG_WARN_INFINITE_RECURSION = YES;
				CLANG_WARN_INT_CONVERSION = YES;
				CLANG_WARN_NON_LITERAL_NULL_CONVERSION = YES;
				CLANG_WARN_OBJC_IMPLICIT_RETAIN_SELF = YES;
				CLANG_WARN_OBJC_LITERAL_CONVERSION = YES;
				CLANG_WARN_OBJC_ROOT_CLASS = YES_ERROR;
				CLANG_WARN_QUOTED_INCLUDE_IN_FRAMEWORK_HEADER = YES;
				CLANG_WARN_RANGE_LOOP_ANALYSIS = YES;
				CLANG_WARN_STRICT_PROTOTYPES = YES;
				CLANG_WARN_SUSPICIOUS_MOVE = YES;
				CLANG_WARN_UNGUARDED_AVAILABILITY = YES_AGGRESSIVE;
				CLANG_WARN_UNREACHABLE_CODE = YES;
				CLANG_WARN__DUPLICATE_METHOD_MATCH = YES;
				COPY_PHASE_STRIP = NO;
				DEBUG_INFORMATION_FORMAT = "dwarf-with-dsym";
				ENABLE_NS_ASSERTIONS = NO;
				ENABLE_STRICT_OBJC_MSGSEND = YES;
				GCC_C_LANGUAGE_STANDARD = gnu11;
				GCC_NO_COMMON_BLOCKS = YES;
				GCC_WARN_64_TO_32_BIT_CONVERSION = YES;
				GCC_WARN_ABOUT_RETURN_TYPE = YES_ERROR;
				GCC_WARN_UNDECLARED_SELECTOR = YES;
				GCC_WARN_UNINITIALIZED_AUTOS = YES_AGGRESSIVE;
				GCC_WARN_UNUSED_FUNCTION = YES;
				GCC_WARN_UNUSED_VARIABLE = YES;
				IPHONEOS_DEPLOYMENT_TARGET = 16.0;
				MTL_ENABLE_DEBUG_INFO = NO;
				MTL_FAST_MATH = YES;
				SDKROOT = iphoneos;
				SWIFT_COMPILATION_MODE = wholemodule;
				SWIFT_OPTIMIZATION_LEVEL = "-O";
				VALIDATE_PRODUCT = YES;
			};
			name = Release;
		};
		7FD1192228D93D4C00940A2C /* Debug */ = {
			isa = XCBuildConfiguration;
			buildSettings = {
				ASSETCATALOG_COMPILER_APPICON_NAME = AppIcon;
				ASSETCATALOG_COMPILER_GLOBAL_ACCENT_COLOR_NAME = AccentColor;
				CODE_SIGN_STYLE = Automatic;
				CURRENT_PROJECT_VERSION = 1;
				DEVELOPMENT_TEAM = 6TTAQ8H6D3;
				GENERATE_INFOPLIST_FILE = YES;
				INFOPLIST_FILE = SedgwickSwamplands/Info.plist;
				INFOPLIST_KEY_UIApplicationSupportsIndirectInputEvents = YES;
				INFOPLIST_KEY_UILaunchStoryboardName = LaunchScreen;
				INFOPLIST_KEY_UIMainStoryboardFile = Main;
				INFOPLIST_KEY_UISupportedInterfaceOrientations = "UIInterfaceOrientationLandscapeLeft UIInterfaceOrientationLandscapeRight UIInterfaceOrientationPortrait UIInterfaceOrientationPortraitUpsideDown";
				LD_RUNPATH_SEARCH_PATHS = (
					"$(inherited)",
					"@executable_path/Frameworks",
				);
				MARKETING_VERSION = 1.0;
				PRODUCT_BUNDLE_IDENTIFIER = danielschepisi.SedgwickSwamplands;
				PRODUCT_NAME = "$(TARGET_NAME)";
				SWIFT_EMIT_LOC_STRINGS = YES;
				SWIFT_VERSION = 5.0;
				TARGETED_DEVICE_FAMILY = "1,2";
			};
			name = Debug;
		};
		7FD1192328D93D4C00940A2C /* Release */ = {
			isa = XCBuildConfiguration;
			buildSettings = {
				ASSETCATALOG_COMPILER_APPICON_NAME = AppIcon;
				ASSETCATALOG_COMPILER_GLOBAL_ACCENT_COLOR_NAME = AccentColor;
				CODE_SIGN_STYLE = Automatic;
				CURRENT_PROJECT_VERSION = 1;
				DEVELOPMENT_TEAM = 6TTAQ8H6D3;
				GENERATE_INFOPLIST_FILE = YES;
				INFOPLIST_FILE = SedgwickSwamplands/Info.plist;
				INFOPLIST_KEY_UIApplicationSupportsIndirectInputEvents = YES;
				INFOPLIST_KEY_UILaunchStoryboardName = LaunchScreen;
				INFOPLIST_KEY_UIMainStoryboardFile = Main;
				INFOPLIST_KEY_UISupportedInterfaceOrientations = "UIInterfaceOrientationLandscapeLeft UIInterfaceOrientationLandscapeRight UIInterfaceOrientationPortrait UIInterfaceOrientationPortraitUpsideDown";
				LD_RUNPATH_SEARCH_PATHS = (
					"$(inherited)",
					"@executable_path/Frameworks",
				);
				MARKETING_VERSION = 1.0;
				PRODUCT_BUNDLE_IDENTIFIER = danielschepisi.SedgwickSwamplands;
				PRODUCT_NAME = "$(TARGET_NAME)";
				SWIFT_EMIT_LOC_STRINGS = YES;
				SWIFT_VERSION = 5.0;
				TARGETED_DEVICE_FAMILY = "1,2";
			};
			name = Release;
		};
/* End XCBuildConfiguration section */

/* Begin XCConfigurationList section */
		7FD1190528D93D4B00940A2C /* Build configuration list for PBXProject "SedgwickSwamplands" */ = {
			isa = XCConfigurationList;
			buildConfigurations = (
				7FD1191F28D93D4C00940A2C /* Debug */,
				7FD1192028D93D4C00940A2C /* Release */,
			);
			defaultConfigurationIsVisible = 0;
			defaultConfigurationName = Release;
		};
		7FD1192128D93D4C00940A2C /* Build configuration list for PBXNativeTarget "SedgwickSwamplands" */ = {
			isa = XCConfigurationList;
			buildConfigurations = (
				7FD1192228D93D4C00940A2C /* Debug */,
				7FD1192328D93D4C00940A2C /* Release */,
			);
			defaultConfigurationIsVisible = 0;
			defaultConfigurationName = Release;
		};
/* End XCConfigurationList section */

/* Begin XCRemoteSwiftPackageReference section */
		7F19689128E0E008002AA2AB /* XCRemoteSwiftPackageReference "SwipeCellKit" */ = {
			isa = XCRemoteSwiftPackageReference;
			repositoryURL = "https://github.com/SwipeCellKit/SwipeCellKit";
			requirement = {
				kind = upToNextMajorVersion;
				minimumVersion = 2.0.0;
			};
		};
/* End XCRemoteSwiftPackageReference section */

/* Begin XCSwiftPackageProductDependency section */
		7F19689228E0E008002AA2AB /* SwipeCellKit */ = {
			isa = XCSwiftPackageProductDependency;
			package = 7F19689128E0E008002AA2AB /* XCRemoteSwiftPackageReference "SwipeCellKit" */;
			productName = SwipeCellKit;
		};
/* End XCSwiftPackageProductDependency section */

/* Begin XCVersionGroup section */
		7FD1191628D93D4B00940A2C /* SedgwickSwamplands.xcdatamodeld */ = {
			isa = XCVersionGroup;
			children = (
				7FD1191728D93D4B00940A2C /* SedgwickSwamplands.xcdatamodel */,
			);
			currentVersion = 7FD1191728D93D4B00940A2C /* SedgwickSwamplands.xcdatamodel */;
			path = SedgwickSwamplands.xcdatamodeld;
			sourceTree = "<group>";
			versionGroupType = wrapper.xcdatamodel;
		};
/* End XCVersionGroup section */
	};
	rootObject = 7FD1190228D93D4B00940A2C /* Project object */;
}
