// !$*UTF8*$!
{
	archiveVersion = 1;
	classes = {
	};
	objectVersion = 50;
	objects = {

/* Begin PBXBuildFile section */
		0F2E742BC24E45B7AC4F9F2A /* libPods-Distance Between CitiesUITests.a in Frameworks */ = {isa = PBXBuildFile; fileRef = 9A7D11EFBE805474FC15CE52 /* libPods-Distance Between CitiesUITests.a */; };
		7FB106862222DD9400CD3108 /* AppDelegate.m in Sources */ = {isa = PBXBuildFile; fileRef = 7FB106852222DD9400CD3108 /* AppDelegate.m */; };
		7FB106892222DD9400CD3108 /* ViewController.m in Sources */ = {isa = PBXBuildFile; fileRef = 7FB106882222DD9400CD3108 /* ViewController.m */; };
		7FB1068C2222DD9400CD3108 /* Main.storyboard in Resources */ = {isa = PBXBuildFile; fileRef = 7FB1068A2222DD9400CD3108 /* Main.storyboard */; };
		7FB1068E2222DD9600CD3108 /* Assets.xcassets in Resources */ = {isa = PBXBuildFile; fileRef = 7FB1068D2222DD9600CD3108 /* Assets.xcassets */; };
		7FB106912222DD9600CD3108 /* LaunchScreen.storyboard in Resources */ = {isa = PBXBuildFile; fileRef = 7FB1068F2222DD9600CD3108 /* LaunchScreen.storyboard */; };
		7FB106942222DD9600CD3108 /* main.m in Sources */ = {isa = PBXBuildFile; fileRef = 7FB106932222DD9600CD3108 /* main.m */; };
		7FB1069E2222DD9600CD3108 /* Distance_Between_CitiesTests.m in Sources */ = {isa = PBXBuildFile; fileRef = 7FB1069D2222DD9600CD3108 /* Distance_Between_CitiesTests.m */; };
		7FB106A92222DD9600CD3108 /* Distance_Between_CitiesUITests.m in Sources */ = {isa = PBXBuildFile; fileRef = 7FB106A82222DD9600CD3108 /* Distance_Between_CitiesUITests.m */; };
		8E3FE5D5DE3A0E1A67FA804F /* libPods-Distance Between Cities.a in Frameworks */ = {isa = PBXBuildFile; fileRef = B393FC1815AE12E15BA6F288 /* libPods-Distance Between Cities.a */; };
		B0293D810D4A78E785E7F3B8 /* libPods-Distance Between CitiesTests.a in Frameworks */ = {isa = PBXBuildFile; fileRef = C20A1212493FA61F29D5B87F /* libPods-Distance Between CitiesTests.a */; };
/* End PBXBuildFile section */

/* Begin PBXContainerItemProxy section */
		7FB1069A2222DD9600CD3108 /* PBXContainerItemProxy */ = {
			isa = PBXContainerItemProxy;
			containerPortal = 7FB106792222DD9400CD3108 /* Project object */;
			proxyType = 1;
			remoteGlobalIDString = 7FB106802222DD9400CD3108;
			remoteInfo = "Distance Between Cities";
		};
		7FB106A52222DD9600CD3108 /* PBXContainerItemProxy */ = {
			isa = PBXContainerItemProxy;
			containerPortal = 7FB106792222DD9400CD3108 /* Project object */;
			proxyType = 1;
			remoteGlobalIDString = 7FB106802222DD9400CD3108;
			remoteInfo = "Distance Between Cities";
		};
/* End PBXContainerItemProxy section */

/* Begin PBXFileReference section */
		525B1C7BFE8C54386269A727 /* Pods-Distance Between CitiesUITests.debug.xcconfig */ = {isa = PBXFileReference; includeInIndex = 1; lastKnownFileType = text.xcconfig; name = "Pods-Distance Between CitiesUITests.debug.xcconfig"; path = "Target Support Files/Pods-Distance Between CitiesUITests/Pods-Distance Between CitiesUITests.debug.xcconfig"; sourceTree = "<group>"; };
		7DBC64007DF95B24F2B2CAE3 /* Pods-Distance Between CitiesTests.release.xcconfig */ = {isa = PBXFileReference; includeInIndex = 1; lastKnownFileType = text.xcconfig; name = "Pods-Distance Between CitiesTests.release.xcconfig"; path = "Target Support Files/Pods-Distance Between CitiesTests/Pods-Distance Between CitiesTests.release.xcconfig"; sourceTree = "<group>"; };
		7FB106812222DD9400CD3108 /* Distance Between Cities.app */ = {isa = PBXFileReference; explicitFileType = wrapper.application; includeInIndex = 0; path = "Distance Between Cities.app"; sourceTree = BUILT_PRODUCTS_DIR; };
		7FB106842222DD9400CD3108 /* AppDelegate.h */ = {isa = PBXFileReference; lastKnownFileType = sourcecode.c.h; path = AppDelegate.h; sourceTree = "<group>"; };
		7FB106852222DD9400CD3108 /* AppDelegate.m */ = {isa = PBXFileReference; lastKnownFileType = sourcecode.c.objc; path = AppDelegate.m; sourceTree = "<group>"; };
		7FB106872222DD9400CD3108 /* ViewController.h */ = {isa = PBXFileReference; lastKnownFileType = sourcecode.c.h; path = ViewController.h; sourceTree = "<group>"; };
		7FB106882222DD9400CD3108 /* ViewController.m */ = {isa = PBXFileReference; lastKnownFileType = sourcecode.c.objc; path = ViewController.m; sourceTree = "<group>"; };
		7FB1068B2222DD9400CD3108 /* Base */ = {isa = PBXFileReference; lastKnownFileType = file.storyboard; name = Base; path = Base.lproj/Main.storyboard; sourceTree = "<group>"; };
		7FB1068D2222DD9600CD3108 /* Assets.xcassets */ = {isa = PBXFileReference; lastKnownFileType = folder.assetcatalog; path = Assets.xcassets; sourceTree = "<group>"; };
		7FB106902222DD9600CD3108 /* Base */ = {isa = PBXFileReference; lastKnownFileType = file.storyboard; name = Base; path = Base.lproj/LaunchScreen.storyboard; sourceTree = "<group>"; };
		7FB106922222DD9600CD3108 /* Info.plist */ = {isa = PBXFileReference; lastKnownFileType = text.plist.xml; path = Info.plist; sourceTree = "<group>"; };
		7FB106932222DD9600CD3108 /* main.m */ = {isa = PBXFileReference; lastKnownFileType = sourcecode.c.objc; path = main.m; sourceTree = "<group>"; };
		7FB106992222DD9600CD3108 /* Distance Between CitiesTests.xctest */ = {isa = PBXFileReference; explicitFileType = wrapper.cfbundle; includeInIndex = 0; path = "Distance Between CitiesTests.xctest"; sourceTree = BUILT_PRODUCTS_DIR; };
		7FB1069D2222DD9600CD3108 /* Distance_Between_CitiesTests.m */ = {isa = PBXFileReference; lastKnownFileType = sourcecode.c.objc; path = Distance_Between_CitiesTests.m; sourceTree = "<group>"; };
		7FB1069F2222DD9600CD3108 /* Info.plist */ = {isa = PBXFileReference; lastKnownFileType = text.plist.xml; path = Info.plist; sourceTree = "<group>"; };
		7FB106A42222DD9600CD3108 /* Distance Between CitiesUITests.xctest */ = {isa = PBXFileReference; explicitFileType = wrapper.cfbundle; includeInIndex = 0; path = "Distance Between CitiesUITests.xctest"; sourceTree = BUILT_PRODUCTS_DIR; };
		7FB106A82222DD9600CD3108 /* Distance_Between_CitiesUITests.m */ = {isa = PBXFileReference; lastKnownFileType = sourcecode.c.objc; path = Distance_Between_CitiesUITests.m; sourceTree = "<group>"; };
		7FB106AA2222DD9600CD3108 /* Info.plist */ = {isa = PBXFileReference; lastKnownFileType = text.plist.xml; path = Info.plist; sourceTree = "<group>"; };
		935D9346F68FC63324E187A8 /* Pods-Distance Between CitiesUITests.release.xcconfig */ = {isa = PBXFileReference; includeInIndex = 1; lastKnownFileType = text.xcconfig; name = "Pods-Distance Between CitiesUITests.release.xcconfig"; path = "Target Support Files/Pods-Distance Between CitiesUITests/Pods-Distance Between CitiesUITests.release.xcconfig"; sourceTree = "<group>"; };
		9A7D11EFBE805474FC15CE52 /* libPods-Distance Between CitiesUITests.a */ = {isa = PBXFileReference; explicitFileType = archive.ar; includeInIndex = 0; path = "libPods-Distance Between CitiesUITests.a"; sourceTree = BUILT_PRODUCTS_DIR; };
		B393FC1815AE12E15BA6F288 /* libPods-Distance Between Cities.a */ = {isa = PBXFileReference; explicitFileType = archive.ar; includeInIndex = 0; path = "libPods-Distance Between Cities.a"; sourceTree = BUILT_PRODUCTS_DIR; };
		B5A990A0AC448FEC9DDF7EEE /* Pods-Distance Between CitiesTests.debug.xcconfig */ = {isa = PBXFileReference; includeInIndex = 1; lastKnownFileType = text.xcconfig; name = "Pods-Distance Between CitiesTests.debug.xcconfig"; path = "Target Support Files/Pods-Distance Between CitiesTests/Pods-Distance Between CitiesTests.debug.xcconfig"; sourceTree = "<group>"; };
		B899EE16258004D5CCCBF416 /* Pods-Distance Between Cities.release.xcconfig */ = {isa = PBXFileReference; includeInIndex = 1; lastKnownFileType = text.xcconfig; name = "Pods-Distance Between Cities.release.xcconfig"; path = "Target Support Files/Pods-Distance Between Cities/Pods-Distance Between Cities.release.xcconfig"; sourceTree = "<group>"; };
		C20A1212493FA61F29D5B87F /* libPods-Distance Between CitiesTests.a */ = {isa = PBXFileReference; explicitFileType = archive.ar; includeInIndex = 0; path = "libPods-Distance Between CitiesTests.a"; sourceTree = BUILT_PRODUCTS_DIR; };
		E23FDA48ED10386FAE839D45 /* Pods-Distance Between Cities.debug.xcconfig */ = {isa = PBXFileReference; includeInIndex = 1; lastKnownFileType = text.xcconfig; name = "Pods-Distance Between Cities.debug.xcconfig"; path = "Target Support Files/Pods-Distance Between Cities/Pods-Distance Between Cities.debug.xcconfig"; sourceTree = "<group>"; };
/* End PBXFileReference section */

/* Begin PBXFrameworksBuildPhase section */
		7FB1067E2222DD9400CD3108 /* Frameworks */ = {
			isa = PBXFrameworksBuildPhase;
			buildActionMask = 2147483647;
			files = (
				8E3FE5D5DE3A0E1A67FA804F /* libPods-Distance Between Cities.a in Frameworks */,
			);
			runOnlyForDeploymentPostprocessing = 0;
		};
		7FB106962222DD9600CD3108 /* Frameworks */ = {
			isa = PBXFrameworksBuildPhase;
			buildActionMask = 2147483647;
			files = (
				B0293D810D4A78E785E7F3B8 /* libPods-Distance Between CitiesTests.a in Frameworks */,
			);
			runOnlyForDeploymentPostprocessing = 0;
		};
		7FB106A12222DD9600CD3108 /* Frameworks */ = {
			isa = PBXFrameworksBuildPhase;
			buildActionMask = 2147483647;
			files = (
				0F2E742BC24E45B7AC4F9F2A /* libPods-Distance Between CitiesUITests.a in Frameworks */,
			);
			runOnlyForDeploymentPostprocessing = 0;
		};
/* End PBXFrameworksBuildPhase section */

/* Begin PBXGroup section */
		0D5CEF9C701FD8D25A630936 /* Pods */ = {
			isa = PBXGroup;
			children = (
				E23FDA48ED10386FAE839D45 /* Pods-Distance Between Cities.debug.xcconfig */,
				B899EE16258004D5CCCBF416 /* Pods-Distance Between Cities.release.xcconfig */,
				B5A990A0AC448FEC9DDF7EEE /* Pods-Distance Between CitiesTests.debug.xcconfig */,
				7DBC64007DF95B24F2B2CAE3 /* Pods-Distance Between CitiesTests.release.xcconfig */,
				525B1C7BFE8C54386269A727 /* Pods-Distance Between CitiesUITests.debug.xcconfig */,
				935D9346F68FC63324E187A8 /* Pods-Distance Between CitiesUITests.release.xcconfig */,
			);
			name = Pods;
			path = Pods;
			sourceTree = "<group>";
		};
		7FB106782222DD9400CD3108 = {
			isa = PBXGroup;
			children = (
				7FB106832222DD9400CD3108 /* Distance Between Cities */,
				7FB1069C2222DD9600CD3108 /* Distance Between CitiesTests */,
				7FB106A72222DD9600CD3108 /* Distance Between CitiesUITests */,
				7FB106822222DD9400CD3108 /* Products */,
				0D5CEF9C701FD8D25A630936 /* Pods */,
				FEA4901745F05B07E6F773D2 /* Frameworks */,
			);
			sourceTree = "<group>";
		};
		7FB106822222DD9400CD3108 /* Products */ = {
			isa = PBXGroup;
			children = (
				7FB106812222DD9400CD3108 /* Distance Between Cities.app */,
				7FB106992222DD9600CD3108 /* Distance Between CitiesTests.xctest */,
				7FB106A42222DD9600CD3108 /* Distance Between CitiesUITests.xctest */,
			);
			name = Products;
			sourceTree = "<group>";
		};
		7FB106832222DD9400CD3108 /* Distance Between Cities */ = {
			isa = PBXGroup;
			children = (
				7FB106842222DD9400CD3108 /* AppDelegate.h */,
				7FB106852222DD9400CD3108 /* AppDelegate.m */,
				7FB106872222DD9400CD3108 /* ViewController.h */,
				7FB106882222DD9400CD3108 /* ViewController.m */,
				7FB1068A2222DD9400CD3108 /* Main.storyboard */,
				7FB1068D2222DD9600CD3108 /* Assets.xcassets */,
				7FB1068F2222DD9600CD3108 /* LaunchScreen.storyboard */,
				7FB106922222DD9600CD3108 /* Info.plist */,
				7FB106932222DD9600CD3108 /* main.m */,
			);
			path = "Distance Between Cities";
			sourceTree = "<group>";
		};
		7FB1069C2222DD9600CD3108 /* Distance Between CitiesTests */ = {
			isa = PBXGroup;
			children = (
				7FB1069D2222DD9600CD3108 /* Distance_Between_CitiesTests.m */,
				7FB1069F2222DD9600CD3108 /* Info.plist */,
			);
			path = "Distance Between CitiesTests";
			sourceTree = "<group>";
		};
		7FB106A72222DD9600CD3108 /* Distance Between CitiesUITests */ = {
			isa = PBXGroup;
			children = (
				7FB106A82222DD9600CD3108 /* Distance_Between_CitiesUITests.m */,
				7FB106AA2222DD9600CD3108 /* Info.plist */,
			);
			path = "Distance Between CitiesUITests";
			sourceTree = "<group>";
		};
		FEA4901745F05B07E6F773D2 /* Frameworks */ = {
			isa = PBXGroup;
			children = (
				B393FC1815AE12E15BA6F288 /* libPods-Distance Between Cities.a */,
				C20A1212493FA61F29D5B87F /* libPods-Distance Between CitiesTests.a */,
				9A7D11EFBE805474FC15CE52 /* libPods-Distance Between CitiesUITests.a */,
			);
			name = Frameworks;
			sourceTree = "<group>";
		};
/* End PBXGroup section */

/* Begin PBXNativeTarget section */
		7FB106802222DD9400CD3108 /* Distance Between Cities */ = {
			isa = PBXNativeTarget;
			buildConfigurationList = 7FB106AD2222DD9600CD3108 /* Build configuration list for PBXNativeTarget "Distance Between Cities" */;
			buildPhases = (
				364A9D694E69642A30E858A4 /* [CP] Check Pods Manifest.lock */,
				7FB1067D2222DD9400CD3108 /* Sources */,
				7FB1067E2222DD9400CD3108 /* Frameworks */,
				7FB1067F2222DD9400CD3108 /* Resources */,
			);
			buildRules = (
			);
			dependencies = (
			);
			name = "Distance Between Cities";
			productName = "Distance Between Cities";
			productReference = 7FB106812222DD9400CD3108 /* Distance Between Cities.app */;
			productType = "com.apple.product-type.application";
		};
		7FB106982222DD9600CD3108 /* Distance Between CitiesTests */ = {
			isa = PBXNativeTarget;
			buildConfigurationList = 7FB106B02222DD9600CD3108 /* Build configuration list for PBXNativeTarget "Distance Between CitiesTests" */;
			buildPhases = (
				E0DB312C877952369FF07608 /* [CP] Check Pods Manifest.lock */,
				7FB106952222DD9600CD3108 /* Sources */,
				7FB106962222DD9600CD3108 /* Frameworks */,
				7FB106972222DD9600CD3108 /* Resources */,
			);
			buildRules = (
			);
			dependencies = (
				7FB1069B2222DD9600CD3108 /* PBXTargetDependency */,
			);
			name = "Distance Between CitiesTests";
			productName = "Distance Between CitiesTests";
			productReference = 7FB106992222DD9600CD3108 /* Distance Between CitiesTests.xctest */;
			productType = "com.apple.product-type.bundle.unit-test";
		};
		7FB106A32222DD9600CD3108 /* Distance Between CitiesUITests */ = {
			isa = PBXNativeTarget;
			buildConfigurationList = 7FB106B32222DD9600CD3108 /* Build configuration list for PBXNativeTarget "Distance Between CitiesUITests" */;
			buildPhases = (
				EBC96F6F3C8A9710ED138706 /* [CP] Check Pods Manifest.lock */,
				7FB106A02222DD9600CD3108 /* Sources */,
				7FB106A12222DD9600CD3108 /* Frameworks */,
				7FB106A22222DD9600CD3108 /* Resources */,
			);
			buildRules = (
			);
			dependencies = (
				7FB106A62222DD9600CD3108 /* PBXTargetDependency */,
			);
			name = "Distance Between CitiesUITests";
			productName = "Distance Between CitiesUITests";
			productReference = 7FB106A42222DD9600CD3108 /* Distance Between CitiesUITests.xctest */;
			productType = "com.apple.product-type.bundle.ui-testing";
		};
/* End PBXNativeTarget section */

/* Begin PBXProject section */
		7FB106792222DD9400CD3108 /* Project object */ = {
			isa = PBXProject;
			attributes = {
				LastUpgradeCheck = 1010;
				ORGANIZATIONNAME = "Daniel Schepisi";
				TargetAttributes = {
					7FB106802222DD9400CD3108 = {
						CreatedOnToolsVersion = 10.1;
					};
					7FB106982222DD9600CD3108 = {
						CreatedOnToolsVersion = 10.1;
						TestTargetID = 7FB106802222DD9400CD3108;
					};
					7FB106A32222DD9600CD3108 = {
						CreatedOnToolsVersion = 10.1;
						TestTargetID = 7FB106802222DD9400CD3108;
					};
				};
			};
			buildConfigurationList = 7FB1067C2222DD9400CD3108 /* Build configuration list for PBXProject "Distance Between Cities" */;
			compatibilityVersion = "Xcode 9.3";
			developmentRegion = en;
			hasScannedForEncodings = 0;
			knownRegions = (
				en,
				Base,
			);
			mainGroup = 7FB106782222DD9400CD3108;
			productRefGroup = 7FB106822222DD9400CD3108 /* Products */;
			projectDirPath = "";
			projectRoot = "";
			targets = (
				7FB106802222DD9400CD3108 /* Distance Between Cities */,
				7FB106982222DD9600CD3108 /* Distance Between CitiesTests */,
				7FB106A32222DD9600CD3108 /* Distance Between CitiesUITests */,
			);
		};
/* End PBXProject section */

/* Begin PBXResourcesBuildPhase section */
		7FB1067F2222DD9400CD3108 /* Resources */ = {
			isa = PBXResourcesBuildPhase;
			buildActionMask = 2147483647;
			files = (
				7FB106912222DD9600CD3108 /* LaunchScreen.storyboard in Resources */,
				7FB1068E2222DD9600CD3108 /* Assets.xcassets in Resources */,
				7FB1068C2222DD9400CD3108 /* Main.storyboard in Resources */,
			);
			runOnlyForDeploymentPostprocessing = 0;
		};
		7FB106972222DD9600CD3108 /* Resources */ = {
			isa = PBXResourcesBuildPhase;
			buildActionMask = 2147483647;
			files = (
			);
			runOnlyForDeploymentPostprocessing = 0;
		};
		7FB106A22222DD9600CD3108 /* Resources */ = {
			isa = PBXResourcesBuildPhase;
			buildActionMask = 2147483647;
			files = (
			);
			runOnlyForDeploymentPostprocessing = 0;
		};
/* End PBXResourcesBuildPhase section */

/* Begin PBXShellScriptBuildPhase section */
		364A9D694E69642A30E858A4 /* [CP] Check Pods Manifest.lock */ = {
			isa = PBXShellScriptBuildPhase;
			buildActionMask = 2147483647;
			files = (
			);
			inputFileListPaths = (
			);
			inputPaths = (
				"${PODS_PODFILE_DIR_PATH}/Podfile.lock",
				"${PODS_ROOT}/Manifest.lock",
			);
			name = "[CP] Check Pods Manifest.lock";
			outputFileListPaths = (
			);
			outputPaths = (
				"$(DERIVED_FILE_DIR)/Pods-Distance Between Cities-checkManifestLockResult.txt",
			);
			runOnlyForDeploymentPostprocessing = 0;
			shellPath = /bin/sh;
			shellScript = "diff \"${PODS_PODFILE_DIR_PATH}/Podfile.lock\" \"${PODS_ROOT}/Manifest.lock\" > /dev/null\nif [ $? != 0 ] ; then\n    # print error to STDERR\n    echo \"error: The sandbox is not in sync with the Podfile.lock. Run 'pod install' or update your CocoaPods installation.\" >&2\n    exit 1\nfi\n# This output is used by Xcode 'outputs' to avoid re-running this script phase.\necho \"SUCCESS\" > \"${SCRIPT_OUTPUT_FILE_0}\"\n";
			showEnvVarsInLog = 0;
		};
		E0DB312C877952369FF07608 /* [CP] Check Pods Manifest.lock */ = {
			isa = PBXShellScriptBuildPhase;
			buildActionMask = 2147483647;
			files = (
			);
			inputFileListPaths = (
			);
			inputPaths = (
				"${PODS_PODFILE_DIR_PATH}/Podfile.lock",
				"${PODS_ROOT}/Manifest.lock",
			);
			name = "[CP] Check Pods Manifest.lock";
			outputFileListPaths = (
			);
			outputPaths = (
				"$(DERIVED_FILE_DIR)/Pods-Distance Between CitiesTests-checkManifestLockResult.txt",
			);
			runOnlyForDeploymentPostprocessing = 0;
			shellPath = /bin/sh;
			shellScript = "diff \"${PODS_PODFILE_DIR_PATH}/Podfile.lock\" \"${PODS_ROOT}/Manifest.lock\" > /dev/null\nif [ $? != 0 ] ; then\n    # print error to STDERR\n    echo \"error: The sandbox is not in sync with the Podfile.lock. Run 'pod install' or update your CocoaPods installation.\" >&2\n    exit 1\nfi\n# This output is used by Xcode 'outputs' to avoid re-running this script phase.\necho \"SUCCESS\" > \"${SCRIPT_OUTPUT_FILE_0}\"\n";
			showEnvVarsInLog = 0;
		};
		EBC96F6F3C8A9710ED138706 /* [CP] Check Pods Manifest.lock */ = {
			isa = PBXShellScriptBuildPhase;
			buildActionMask = 2147483647;
			files = (
			);
			inputFileListPaths = (
			);
			inputPaths = (
				"${PODS_PODFILE_DIR_PATH}/Podfile.lock",
				"${PODS_ROOT}/Manifest.lock",
			);
			name = "[CP] Check Pods Manifest.lock";
			outputFileListPaths = (
			);
			outputPaths = (
				"$(DERIVED_FILE_DIR)/Pods-Distance Between CitiesUITests-checkManifestLockResult.txt",
			);
			runOnlyForDeploymentPostprocessing = 0;
			shellPath = /bin/sh;
			shellScript = "diff \"${PODS_PODFILE_DIR_PATH}/Podfile.lock\" \"${PODS_ROOT}/Manifest.lock\" > /dev/null\nif [ $? != 0 ] ; then\n    # print error to STDERR\n    echo \"error: The sandbox is not in sync with the Podfile.lock. Run 'pod install' or update your CocoaPods installation.\" >&2\n    exit 1\nfi\n# This output is used by Xcode 'outputs' to avoid re-running this script phase.\necho \"SUCCESS\" > \"${SCRIPT_OUTPUT_FILE_0}\"\n";
			showEnvVarsInLog = 0;
		};
/* End PBXShellScriptBuildPhase section */

/* Begin PBXSourcesBuildPhase section */
		7FB1067D2222DD9400CD3108 /* Sources */ = {
			isa = PBXSourcesBuildPhase;
			buildActionMask = 2147483647;
			files = (
				7FB106892222DD9400CD3108 /* ViewController.m in Sources */,
				7FB106942222DD9600CD3108 /* main.m in Sources */,
				7FB106862222DD9400CD3108 /* AppDelegate.m in Sources */,
			);
			runOnlyForDeploymentPostprocessing = 0;
		};
		7FB106952222DD9600CD3108 /* Sources */ = {
			isa = PBXSourcesBuildPhase;
			buildActionMask = 2147483647;
			files = (
				7FB1069E2222DD9600CD3108 /* Distance_Between_CitiesTests.m in Sources */,
			);
			runOnlyForDeploymentPostprocessing = 0;
		};
		7FB106A02222DD9600CD3108 /* Sources */ = {
			isa = PBXSourcesBuildPhase;
			buildActionMask = 2147483647;
			files = (
				7FB106A92222DD9600CD3108 /* Distance_Between_CitiesUITests.m in Sources */,
			);
			runOnlyForDeploymentPostprocessing = 0;
		};
/* End PBXSourcesBuildPhase section */

/* Begin PBXTargetDependency section */
		7FB1069B2222DD9600CD3108 /* PBXTargetDependency */ = {
			isa = PBXTargetDependency;
			target = 7FB106802222DD9400CD3108 /* Distance Between Cities */;
			targetProxy = 7FB1069A2222DD9600CD3108 /* PBXContainerItemProxy */;
		};
		7FB106A62222DD9600CD3108 /* PBXTargetDependency */ = {
			isa = PBXTargetDependency;
			target = 7FB106802222DD9400CD3108 /* Distance Between Cities */;
			targetProxy = 7FB106A52222DD9600CD3108 /* PBXContainerItemProxy */;
		};
/* End PBXTargetDependency section */

/* Begin PBXVariantGroup section */
		7FB1068A2222DD9400CD3108 /* Main.storyboard */ = {
			isa = PBXVariantGroup;
			children = (
				7FB1068B2222DD9400CD3108 /* Base */,
			);
			name = Main.storyboard;
			sourceTree = "<group>";
		};
		7FB1068F2222DD9600CD3108 /* LaunchScreen.storyboard */ = {
			isa = PBXVariantGroup;
			children = (
				7FB106902222DD9600CD3108 /* Base */,
			);
			name = LaunchScreen.storyboard;
			sourceTree = "<group>";
		};
/* End PBXVariantGroup section */

/* Begin XCBuildConfiguration section */
		7FB106AB2222DD9600CD3108 /* Debug */ = {
			isa = XCBuildConfiguration;
			buildSettings = {
				ALWAYS_SEARCH_USER_PATHS = NO;
				CLANG_ANALYZER_NONNULL = YES;
				CLANG_ANALYZER_NUMBER_OBJECT_CONVERSION = YES_AGGRESSIVE;
				CLANG_CXX_LANGUAGE_STANDARD = "gnu++14";
				CLANG_CXX_LIBRARY = "libc++";
				CLANG_ENABLE_MODULES = YES;
				CLANG_ENABLE_OBJC_ARC = YES;
				CLANG_ENABLE_OBJC_WEAK = YES;
				CLANG_WARN_BLOCK_CAPTURE_AUTORELEASING = YES;
				CLANG_WARN_BOOL_CONVERSION = YES;
				CLANG_WARN_COMMA = YES;
				CLANG_WARN_CONSTANT_CONVERSION = YES;
				CLANG_WARN_DEPRECATED_OBJC_IMPLEMENTATIONS = YES;
				CLANG_WARN_DIRECT_OBJC_ISA_USAGE = YES_ERROR;
				CLANG_WARN_DOCUMENTATION_COMMENTS = YES;
				CLANG_WARN_EMPTY_BODY = YES;
				CLANG_WARN_ENUM_CONVERSION = YES;
				CLANG_WARN_INFINITE_RECURSION = YES;
				CLANG_WARN_INT_CONVERSION = YES;
				CLANG_WARN_NON_LITERAL_NULL_CONVERSION = YES;
				CLANG_WARN_OBJC_IMPLICIT_RETAIN_SELF = YES;
				CLANG_WARN_OBJC_LITERAL_CONVERSION = YES;
				CLANG_WARN_OBJC_ROOT_CLASS = YES_ERROR;
				CLANG_WARN_RANGE_LOOP_ANALYSIS = YES;
				CLANG_WARN_STRICT_PROTOTYPES = YES;
				CLANG_WARN_SUSPICIOUS_MOVE = YES;
				CLANG_WARN_UNGUARDED_AVAILABILITY = YES_AGGRESSIVE;
				CLANG_WARN_UNREACHABLE_CODE = YES;
				CLANG_WARN__DUPLICATE_METHOD_MATCH = YES;
				CODE_SIGN_IDENTITY = "iPhone Developer";
				COPY_PHASE_STRIP = NO;
				DEBUG_INFORMATION_FORMAT = dwarf;
				ENABLE_STRICT_OBJC_MSGSEND = YES;
				ENABLE_TESTABILITY = YES;
				GCC_C_LANGUAGE_STANDARD = gnu11;
				GCC_DYNAMIC_NO_PIC = NO;
				GCC_NO_COMMON_BLOCKS = YES;
				GCC_OPTIMIZATION_LEVEL = 0;
				GCC_PREPROCESSOR_DEFINITIONS = (
					"DEBUG=1",
					"$(inherited)",
				);
				GCC_WARN_64_TO_32_BIT_CONVERSION = YES;
				GCC_WARN_ABOUT_RETURN_TYPE = YES_ERROR;
				GCC_WARN_UNDECLARED_SELECTOR = YES;
				GCC_WARN_UNINITIALIZED_AUTOS = YES_AGGRESSIVE;
				GCC_WARN_UNUSED_FUNCTION = YES;
				GCC_WARN_UNUSED_VARIABLE = YES;
				IPHONEOS_DEPLOYMENT_TARGET = 12.1;
				MTL_ENABLE_DEBUG_INFO = INCLUDE_SOURCE;
				MTL_FAST_MATH = YES;
				ONLY_ACTIVE_ARCH = YES;
				SDKROOT = iphoneos;
			};
			name = Debug;
		};
		7FB106AC2222DD9600CD3108 /* Release */ = {
			isa = XCBuildConfiguration;
			buildSettings = {
				ALWAYS_SEARCH_USER_PATHS = NO;
				CLANG_ANALYZER_NONNULL = YES;
				CLANG_ANALYZER_NUMBER_OBJECT_CONVERSION = YES_AGGRESSIVE;
				CLANG_CXX_LANGUAGE_STANDARD = "gnu++14";
				CLANG_CXX_LIBRARY = "libc++";
				CLANG_ENABLE_MODULES = YES;
				CLANG_ENABLE_OBJC_ARC = YES;
				CLANG_ENABLE_OBJC_WEAK = YES;
				CLANG_WARN_BLOCK_CAPTURE_AUTORELEASING = YES;
				CLANG_WARN_BOOL_CONVERSION = YES;
				CLANG_WARN_COMMA = YES;
				CLANG_WARN_CONSTANT_CONVERSION = YES;
				CLANG_WARN_DEPRECATED_OBJC_IMPLEMENTATIONS = YES;
				CLANG_WARN_DIRECT_OBJC_ISA_USAGE = YES_ERROR;
				CLANG_WARN_DOCUMENTATION_COMMENTS = YES;
				CLANG_WARN_EMPTY_BODY = YES;
				CLANG_WARN_ENUM_CONVERSION = YES;
				CLANG_WARN_INFINITE_RECURSION = YES;
				CLANG_WARN_INT_CONVERSION = YES;
				CLANG_WARN_NON_LITERAL_NULL_CONVERSION = YES;
				CLANG_WARN_OBJC_IMPLICIT_RETAIN_SELF = YES;
				CLANG_WARN_OBJC_LITERAL_CONVERSION = YES;
				CLANG_WARN_OBJC_ROOT_CLASS = YES_ERROR;
				CLANG_WARN_RANGE_LOOP_ANALYSIS = YES;
				CLANG_WARN_STRICT_PROTOTYPES = YES;
				CLANG_WARN_SUSPICIOUS_MOVE = YES;
				CLANG_WARN_UNGUARDED_AVAILABILITY = YES_AGGRESSIVE;
				CLANG_WARN_UNREACHABLE_CODE = YES;
				CLANG_WARN__DUPLICATE_METHOD_MATCH = YES;
				CODE_SIGN_IDENTITY = "iPhone Developer";
				COPY_PHASE_STRIP = NO;
				DEBUG_INFORMATION_FORMAT = "dwarf-with-dsym";
				ENABLE_NS_ASSERTIONS = NO;
				ENABLE_STRICT_OBJC_MSGSEND = YES;
				GCC_C_LANGUAGE_STANDARD = gnu11;
				GCC_NO_COMMON_BLOCKS = YES;
				GCC_WARN_64_TO_32_BIT_CONVERSION = YES;
				GCC_WARN_ABOUT_RETURN_TYPE = YES_ERROR;
				GCC_WARN_UNDECLARED_SELECTOR = YES;
				GCC_WARN_UNINITIALIZED_AUTOS = YES_AGGRESSIVE;
				GCC_WARN_UNUSED_FUNCTION = YES;
				GCC_WARN_UNUSED_VARIABLE = YES;
				IPHONEOS_DEPLOYMENT_TARGET = 12.1;
				MTL_ENABLE_DEBUG_INFO = NO;
				MTL_FAST_MATH = YES;
				SDKROOT = iphoneos;
				VALIDATE_PRODUCT = YES;
			};
			name = Release;
		};
		7FB106AE2222DD9600CD3108 /* Debug */ = {
			isa = XCBuildConfiguration;
			baseConfigurationReference = E23FDA48ED10386FAE839D45 /* Pods-Distance Between Cities.debug.xcconfig */;
			buildSettings = {
				ASSETCATALOG_COMPILER_APPICON_NAME = AppIcon;
				CODE_SIGN_STYLE = Automatic;
				DEVELOPMENT_TEAM = 6TTAQ8H6D3;
				INFOPLIST_FILE = "Distance Between Cities/Info.plist";
				LD_RUNPATH_SEARCH_PATHS = (
					"$(inherited)",
					"@executable_path/Frameworks",
				);
				PRODUCT_BUNDLE_IDENTIFIER = "danielschepisi.Distance-Between-Cities";
				PRODUCT_NAME = "$(TARGET_NAME)";
				TARGETED_DEVICE_FAMILY = "1,2";
			};
			name = Debug;
		};
		7FB106AF2222DD9600CD3108 /* Release */ = {
			isa = XCBuildConfiguration;
			baseConfigurationReference = B899EE16258004D5CCCBF416 /* Pods-Distance Between Cities.release.xcconfig */;
			buildSettings = {
				ASSETCATALOG_COMPILER_APPICON_NAME = AppIcon;
				CODE_SIGN_STYLE = Automatic;
				DEVELOPMENT_TEAM = 6TTAQ8H6D3;
				INFOPLIST_FILE = "Distance Between Cities/Info.plist";
				LD_RUNPATH_SEARCH_PATHS = (
					"$(inherited)",
					"@executable_path/Frameworks",
				);
				PRODUCT_BUNDLE_IDENTIFIER = "danielschepisi.Distance-Between-Cities";
				PRODUCT_NAME = "$(TARGET_NAME)";
				TARGETED_DEVICE_FAMILY = "1,2";
			};
			name = Release;
		};
		7FB106B12222DD9600CD3108 /* Debug */ = {
			isa = XCBuildConfiguration;
			baseConfigurationReference = B5A990A0AC448FEC9DDF7EEE /* Pods-Distance Between CitiesTests.debug.xcconfig */;
			buildSettings = {
				BUNDLE_LOADER = "$(TEST_HOST)";
				CODE_SIGN_STYLE = Automatic;
				DEVELOPMENT_TEAM = 6TTAQ8H6D3;
				INFOPLIST_FILE = "Distance Between CitiesTests/Info.plist";
				LD_RUNPATH_SEARCH_PATHS = (
					"$(inherited)",
					"@executable_path/Frameworks",
					"@loader_path/Frameworks",
				);
				PRODUCT_BUNDLE_IDENTIFIER = "danielschepisi.Distance-Between-CitiesTests";
				PRODUCT_NAME = "$(TARGET_NAME)";
				TARGETED_DEVICE_FAMILY = "1,2";
				TEST_HOST = "$(BUILT_PRODUCTS_DIR)/Distance Between Cities.app/Distance Between Cities";
			};
			name = Debug;
		};
		7FB106B22222DD9600CD3108 /* Release */ = {
			isa = XCBuildConfiguration;
			baseConfigurationReference = 7DBC64007DF95B24F2B2CAE3 /* Pods-Distance Between CitiesTests.release.xcconfig */;
			buildSettings = {
				BUNDLE_LOADER = "$(TEST_HOST)";
				CODE_SIGN_STYLE = Automatic;
				DEVELOPMENT_TEAM = 6TTAQ8H6D3;
				INFOPLIST_FILE = "Distance Between CitiesTests/Info.plist";
				LD_RUNPATH_SEARCH_PATHS = (
					"$(inherited)",
					"@executable_path/Frameworks",
					"@loader_path/Frameworks",
				);
				PRODUCT_BUNDLE_IDENTIFIER = "danielschepisi.Distance-Between-CitiesTests";
				PRODUCT_NAME = "$(TARGET_NAME)";
				TARGETED_DEVICE_FAMILY = "1,2";
				TEST_HOST = "$(BUILT_PRODUCTS_DIR)/Distance Between Cities.app/Distance Between Cities";
			};
			name = Release;
		};
		7FB106B42222DD9600CD3108 /* Debug */ = {
			isa = XCBuildConfiguration;
			baseConfigurationReference = 525B1C7BFE8C54386269A727 /* Pods-Distance Between CitiesUITests.debug.xcconfig */;
			buildSettings = {
				CODE_SIGN_STYLE = Automatic;
				DEVELOPMENT_TEAM = 6TTAQ8H6D3;
				INFOPLIST_FILE = "Distance Between CitiesUITests/Info.plist";
				LD_RUNPATH_SEARCH_PATHS = (
					"$(inherited)",
					"@executable_path/Frameworks",
					"@loader_path/Frameworks",
				);
				PRODUCT_BUNDLE_IDENTIFIER = "danielschepisi.Distance-Between-CitiesUITests";
				PRODUCT_NAME = "$(TARGET_NAME)";
				TARGETED_DEVICE_FAMILY = "1,2";
				TEST_TARGET_NAME = "Distance Between Cities";
			};
			name = Debug;
		};
		7FB106B52222DD9600CD3108 /* Release */ = {
			isa = XCBuildConfiguration;
			baseConfigurationReference = 935D9346F68FC63324E187A8 /* Pods-Distance Between CitiesUITests.release.xcconfig */;
			buildSettings = {
				CODE_SIGN_STYLE = Automatic;
				DEVELOPMENT_TEAM = 6TTAQ8H6D3;
				INFOPLIST_FILE = "Distance Between CitiesUITests/Info.plist";
				LD_RUNPATH_SEARCH_PATHS = (
					"$(inherited)",
					"@executable_path/Frameworks",
					"@loader_path/Frameworks",
				);
				PRODUCT_BUNDLE_IDENTIFIER = "danielschepisi.Distance-Between-CitiesUITests";
				PRODUCT_NAME = "$(TARGET_NAME)";
				TARGETED_DEVICE_FAMILY = "1,2";
				TEST_TARGET_NAME = "Distance Between Cities";
			};
			name = Release;
		};
/* End XCBuildConfiguration section */

/* Begin XCConfigurationList section */
		7FB1067C2222DD9400CD3108 /* Build configuration list for PBXProject "Distance Between Cities" */ = {
			isa = XCConfigurationList;
			buildConfigurations = (
				7FB106AB2222DD9600CD3108 /* Debug */,
				7FB106AC2222DD9600CD3108 /* Release */,
			);
			defaultConfigurationIsVisible = 0;
			defaultConfigurationName = Release;
		};
		7FB106AD2222DD9600CD3108 /* Build configuration list for PBXNativeTarget "Distance Between Cities" */ = {
			isa = XCConfigurationList;
			buildConfigurations = (
				7FB106AE2222DD9600CD3108 /* Debug */,
				7FB106AF2222DD9600CD3108 /* Release */,
			);
			defaultConfigurationIsVisible = 0;
			defaultConfigurationName = Release;
		};
		7FB106B02222DD9600CD3108 /* Build configuration list for PBXNativeTarget "Distance Between CitiesTests" */ = {
			isa = XCConfigurationList;
			buildConfigurations = (
				7FB106B12222DD9600CD3108 /* Debug */,
				7FB106B22222DD9600CD3108 /* Release */,
			);
			defaultConfigurationIsVisible = 0;
			defaultConfigurationName = Release;
		};
		7FB106B32222DD9600CD3108 /* Build configuration list for PBXNativeTarget "Distance Between CitiesUITests" */ = {
			isa = XCConfigurationList;
			buildConfigurations = (
				7FB106B42222DD9600CD3108 /* Debug */,
				7FB106B52222DD9600CD3108 /* Release */,
			);
			defaultConfigurationIsVisible = 0;
			defaultConfigurationName = Release;
		};
/* End XCConfigurationList section */
	};
	rootObject = 7FB106792222DD9400CD3108 /* Project object */;
}
